
Microsoft Visual Studio Solution File, Format Version 12.00
Project("{2150E333-8FDC-42A3-9474-1A3956D46DE8}") = "Web", "Web", "{65F579C1-BBBC-4BE5-905F-36D1F3055E25}"
EndProject
Project("{FAE04EC0-301F-11D3-BF4B-00C04F79EFBC}") = "Web.Grpc", "Web.Grpc\Web.Grpc.csproj", "{4EEBACD8-26B4-4DA6-9CD6-9969E0260822}"
EndProject
Project("{2150E333-8FDC-42A3-9474-1A3956D46DE8}") = "Core", "Core", "{19D70B81-C1F8-4BBF-96B3-AD0433169206}"
EndProject
Project("{2150E333-8FDC-42A3-9474-1A3956D46DE8}") = "Infrastructure", "Infrastructure", "{6E868DD1-B179-4BC4-A702-1CE3EE24E60F}"
EndProject
Project("{FAE04EC0-301F-11D3-BF4B-00C04F79EFBC}") = "Infrastructure.MessageBus", "Infrastructure.MessageBus\Infrastructure.MessageBus.csproj", "{94564FA1-D6A5-4009-86C2-44AFD7C77FDB}"
EndProject
Project("{FAE04EC0-301F-11D3-BF4B-00C04F79EFBC}") = "Infrastructure.Services", "Infrastructure.Services\Infrastructure.Services.csproj", "{F4DA74B5-E6EF-46B0-9079-43AE27D11ED8}"
EndProject
Project("{FAE04EC0-301F-11D3-BF4B-00C04F79EFBC}") = "Core.Domain", "Core.Domain\Core.Domain.csproj", "{E4AE4876-60C4-4C58-8E9C-D60AD6A85509}"
EndProject
Project("{FAE04EC0-301F-11D3-BF4B-00C04F79EFBC}") = "Core.Application", "Core.Application\Core.Application.csproj", "{7507C135-FD50-457B-9A05-46B70A343B8E}"
EndProject
Global
	GlobalSection(SolutionConfigurationPlatforms) = preSolution
		Debug|Any CPU = Debug|Any CPU
		Release|Any CPU = Release|Any CPU
	EndGlobalSection
	GlobalSection(NestedProjects) = preSolution
		{4EEBACD8-26B4-4DA6-9CD6-9969E0260822} = {65F579C1-BBBC-4BE5-905F-36D1F3055E25}
		{94564FA1-D6A5-4009-86C2-44AFD7C77FDB} = {6E868DD1-B179-4BC4-A702-1CE3EE24E60F}
		{F4DA74B5-E6EF-46B0-9079-43AE27D11ED8} = {6E868DD1-B179-4BC4-A702-1CE3EE24E60F}
		{E4AE4876-60C4-4C58-8E9C-D60AD6A85509} = {19D70B81-C1F8-4BBF-96B3-AD0433169206}
		{7507C135-FD50-457B-9A05-46B70A343B8E} = {19D70B81-C1F8-4BBF-96B3-AD0433169206}
	EndGlobalSection
	GlobalSection(ProjectConfigurationPlatforms) = postSolution
		{4EEBACD8-26B4-4DA6-9CD6-9969E0260822}.Debug|Any CPU.ActiveCfg = Debug|Any CPU
		{4EEBACD8-26B4-4DA6-9CD6-9969E0260822}.Debug|Any CPU.Build.0 = Debug|Any CPU
		{4EEBACD8-26B4-4DA6-9CD6-9969E0260822}.Release|Any CPU.ActiveCfg = Release|Any CPU
		{4EEBACD8-26B4-4DA6-9CD6-9969E0260822}.Release|Any CPU.Build.0 = Release|Any CPU
		{94564FA1-D6A5-4009-86C2-44AFD7C77FDB}.Debug|Any CPU.ActiveCfg = Debug|Any CPU
		{94564FA1-D6A5-4009-86C2-44AFD7C77FDB}.Debug|Any CPU.Build.0 = Debug|Any CPU
		{94564FA1-D6A5-4009-86C2-44AFD7C77FDB}.Release|Any CPU.ActiveCfg = Release|Any CPU
		{94564FA1-D6A5-4009-86C2-44AFD7C77FDB}.Release|Any CPU.Build.0 = Release|Any CPU
		{F4DA74B5-E6EF-46B0-9079-43AE27D11ED8}.Debug|Any CPU.ActiveCfg = Debug|Any CPU
		{F4DA74B5-E6EF-46B0-9079-43AE27D11ED8}.Debug|Any CPU.Build.0 = Debug|Any CPU
		{F4DA74B5-E6EF-46B0-9079-43AE27D11ED8}.Release|Any CPU.ActiveCfg = Release|Any CPU
		{F4DA74B5-E6EF-46B0-9079-43AE27D11ED8}.Release|Any CPU.Build.0 = Release|Any CPU
		{E4AE4876-60C4-4C58-8E9C-D60AD6A85509}.Debug|Any CPU.ActiveCfg = Debug|Any CPU
		{E4AE4876-60C4-4C58-8E9C-D60AD6A85509}.Debug|Any CPU.Build.0 = Debug|Any CPU
		{E4AE4876-60C4-4C58-8E9C-D60AD6A85509}.Release|Any CPU.ActiveCfg = Release|Any CPU
		{E4AE4876-60C4-4C58-8E9C-D60AD6A85509}.Release|Any CPU.Build.0 = Release|Any CPU
		{7507C135-FD50-457B-9A05-46B70A343B8E}.Debug|Any CPU.ActiveCfg = Debug|Any CPU
		{7507C135-FD50-457B-9A05-46B70A343B8E}.Debug|Any CPU.Build.0 = Debug|Any CPU
		{7507C135-FD50-457B-9A05-46B70A343B8E}.Release|Any CPU.ActiveCfg = Release|Any CPU
		{7507C135-FD50-457B-9A05-46B70A343B8E}.Release|Any CPU.Build.0 = Release|Any CPU
	EndGlobalSection
EndGlobal
